# THIS IS AN AUTOGENERATED FILE. DO NOT EDIT THIS FILE DIRECTLY.
# yarn lockfile v1


asap@~2.0.6:
  version "2.0.6"
  resolved "https://registry.yarnpkg.com/asap/-/asap-2.0.6.tgz#e50347611d7e690943208bbdafebcbc2fb866d46"
  integrity sha1-5QNHYR1+aQlDIIu9r+vLwvuGbUY=

commander@*:
  version "9.1.0"
  resolved "https://registry.yarnpkg.com/commander/-/commander-9.1.0.tgz#a6b263b2327f2e188c6402c42623327909f2dbec"
  integrity sha512-i0/MaqBtdbnJ4XQs4Pmyb+oFQl+q0lsAmokVUH92SlSw4fkeAcG3bVon+Qt7hmtF+u3Het6o4VgrcY3qAoEB6w==

dotnet@^1.1.4:
  version "1.1.4"
  resolved "https://registry.yarnpkg.com/dotnet/-/dotnet-1.1.4.tgz#7acc945452734c1ae7111002a4287aa30075cf8b"
  integrity sha512-JxRiwvNLTpIkjpphFNovyCARQbrQCMZY4OP7Q61JPGCDpvE3aJnm6Fo6x0LmroGE3L7yo7unKNRZ6aViDLR/0g==
  dependencies:
    commander "*"
    minimist "*"
    promise "*"

minimist@*:
  version "1.2.6"
  resolved "https://registry.yarnpkg.com/minimist/-/minimist-1.2.6.tgz#8637a5b759ea0d6e98702cfb3a9283323c93af44"
  integrity sha512-Jsjnk4bw3YJqYzbdyBiNsPWHPfO++UGG749Cxs6peCu5Xg4nrena6OVxOYxrQTqww0Jmwt+Ref8rggumkTLz9Q==

promise@*:
  version "8.1.0"
  resolved "https://registry.yarnpkg.com/promise/-/promise-8.1.0.tgz#697c25c3dfe7435dd79fcd58c38a135888eaf05e"
  integrity sha512-W04AqnILOL/sPRXziNicCjSNRruLAuIHEOVBazepu0545DDNGYHz7ar9ZgZ1fMU8/MA4mVxp5rkBWRi6OXIy3Q==
  dependencies:
    asap "~2.0.6"
